
Microsoft Visual Studio Solution File, Format Version 12.00
# Visual Studio 2012
Project("{FAE04EC0-301F-11D3-BF4B-00C04F79EFBC}") = "ClasesAbstractas", "ClasesAbstractas\ClasesAbstractas.csproj", "{DC794B8B-A499-4E44-9906-3597D0DC6485}"
EndProject
Project("{FAE04EC0-301F-11D3-BF4B-00C04F79EFBC}") = "Archivos", "Archivos\Archivos.csproj", "{644F837A-2931-4DCB-BCA0-279B1820256F}"
EndProject
Project("{FAE04EC0-301F-11D3-BF4B-00C04F79EFBC}") = "ClasesInstanciables", "ClasesInstanciables\ClasesInstanciables.csproj", "{D9075E65-9C47-4464-8B29-1DB5E5B46985}"
EndProject
Project("{FAE04EC0-301F-11D3-BF4B-00C04F79EFBC}") = "Excepciones", "Excepciones\Excepciones.csproj", "{83AB7577-BB68-44BE-B53C-CEC20EA7A374}"
EndProject
Project("{FAE04EC0-301F-11D3-BF4B-00C04F79EFBC}") = "TP3", "TP3\TP3.csproj", "{540D8109-2E83-4D49-B35E-AD213F17E777}"
EndProject
Global
	GlobalSection(SolutionConfigurationPlatforms) = preSolution
		Debug|Any CPU = Debug|Any CPU
		Release|Any CPU = Release|Any CPU
	EndGlobalSection
	GlobalSection(ProjectConfigurationPlatforms) = postSolution
		{DC794B8B-A499-4E44-9906-3597D0DC6485}.Debug|Any CPU.ActiveCfg = Debug|Any CPU
		{DC794B8B-A499-4E44-9906-3597D0DC6485}.Debug|Any CPU.Build.0 = Debug|Any CPU
		{DC794B8B-A499-4E44-9906-3597D0DC6485}.Release|Any CPU.ActiveCfg = Release|Any CPU
		{DC794B8B-A499-4E44-9906-3597D0DC6485}.Release|Any CPU.Build.0 = Release|Any CPU
		{644F837A-2931-4DCB-BCA0-279B1820256F}.Debug|Any CPU.ActiveCfg = Debug|Any CPU
		{644F837A-2931-4DCB-BCA0-279B1820256F}.Debug|Any CPU.Build.0 = Debug|Any CPU
		{644F837A-2931-4DCB-BCA0-279B1820256F}.Release|Any CPU.ActiveCfg = Release|Any CPU
		{644F837A-2931-4DCB-BCA0-279B1820256F}.Release|Any CPU.Build.0 = Release|Any CPU
		{D9075E65-9C47-4464-8B29-1DB5E5B46985}.Debug|Any CPU.ActiveCfg = Debug|Any CPU
		{D9075E65-9C47-4464-8B29-1DB5E5B46985}.Debug|Any CPU.Build.0 = Debug|Any CPU
		{D9075E65-9C47-4464-8B29-1DB5E5B46985}.Release|Any CPU.ActiveCfg = Release|Any CPU
		{D9075E65-9C47-4464-8B29-1DB5E5B46985}.Release|Any CPU.Build.0 = Release|Any CPU
		{83AB7577-BB68-44BE-B53C-CEC20EA7A374}.Debug|Any CPU.ActiveCfg = Debug|Any CPU
		{83AB7577-BB68-44BE-B53C-CEC20EA7A374}.Debug|Any CPU.Build.0 = Debug|Any CPU
		{83AB7577-BB68-44BE-B53C-CEC20EA7A374}.Release|Any CPU.ActiveCfg = Release|Any CPU
		{83AB7577-BB68-44BE-B53C-CEC20EA7A374}.Release|Any CPU.Build.0 = Release|Any CPU
		{540D8109-2E83-4D49-B35E-AD213F17E777}.Debug|Any CPU.ActiveCfg = Debug|Any CPU
		{540D8109-2E83-4D49-B35E-AD213F17E777}.Debug|Any CPU.Build.0 = Debug|Any CPU
		{540D8109-2E83-4D49-B35E-AD213F17E777}.Release|Any CPU.ActiveCfg = Release|Any CPU
		{540D8109-2E83-4D49-B35E-AD213F17E777}.Release|Any CPU.Build.0 = Release|Any CPU
	EndGlobalSection
	GlobalSection(SolutionProperties) = preSolution
		HideSolutionNode = FALSE
	EndGlobalSection
EndGlobal
